
Microsoft Visual Studio Solution File, Format Version 12.00
# Visual Studio 15
VisualStudioVersion = 15.0.28307.421
MinimumVisualStudioVersion = 10.0.40219.1
Project("{FAE04EC0-301F-11D3-BF4B-00C04F79EFBC}") = "DAL", "DAL\DAL.csproj", "{C71DEAEB-CE46-4F19-BA75-19BCF946EE87}"
EndProject
Project("{FAE04EC0-301F-11D3-BF4B-00C04F79EFBC}") = "Site", "Site\Site.csproj", "{43AF8EFD-D89F-4168-890D-D5C33791A8A9}"
EndProject
Global
	GlobalSection(SolutionConfigurationPlatforms) = preSolution
		Debug|Any CPU = Debug|Any CPU
		Release|Any CPU = Release|Any CPU
	EndGlobalSection
	GlobalSection(ProjectConfigurationPlatforms) = postSolution
		{C71DEAEB-CE46-4F19-BA75-19BCF946EE87}.Debug|Any CPU.ActiveCfg = Debug|Any CPU
		{C71DEAEB-CE46-4F19-BA75-19BCF946EE87}.Debug|Any CPU.Build.0 = Debug|Any CPU
		{C71DEAEB-CE46-4F19-BA75-19BCF946EE87}.Release|Any CPU.ActiveCfg = Release|Any CPU
		{C71DEAEB-CE46-4F19-BA75-19BCF946EE87}.Release|Any CPU.Build.0 = Release|Any CPU
		{43AF8EFD-D89F-4168-890D-D5C33791A8A9}.Debug|Any CPU.ActiveCfg = Debug|Any CPU
		{43AF8EFD-D89F-4168-890D-D5C33791A8A9}.Debug|Any CPU.Build.0 = Debug|Any CPU
		{43AF8EFD-D89F-4168-890D-D5C33791A8A9}.Release|Any CPU.ActiveCfg = Release|Any CPU
		{43AF8EFD-D89F-4168-890D-D5C33791A8A9}.Release|Any CPU.Build.0 = Release|Any CPU
	EndGlobalSection
	GlobalSection(SolutionProperties) = preSolution
		HideSolutionNode = FALSE
	EndGlobalSection
	GlobalSection(ExtensibilityGlobals) = postSolution
		SolutionGuid = {963BBACF-7799-493E-ABB6-D65E73055055}
	EndGlobalSection
EndGlobal
